
Microsoft Visual Studio Solution File, Format Version 12.00
# Visual Studio 2012
Project("{2150E333-8FDC-42A3-9474-1A3956D46DE8}") = "DataLoader", "DataLoader", "{D737017F-CD05-4510-86DA-13F88BA42F78}"
EndProject
Project("{2150E333-8FDC-42A3-9474-1A3956D46DE8}") = "Shared", "Shared", "{703C99A1-7A69-48B0-AF82-1AF2328C534A}"
EndProject
Project("{2150E333-8FDC-42A3-9474-1A3956D46DE8}") = "DataConfig", "DataConfig", "{65B821FC-A819-4B24-8F97-C34C927F5027}"
EndProject
Project("{2150E333-8FDC-42A3-9474-1A3956D46DE8}") = "DataService", "DataService", "{7EA818A7-EF16-4A87-BFBE-ECB1FA28D884}"
EndProject
Project("{2150E333-8FDC-42A3-9474-1A3956D46DE8}") = "DAISY", "DAISY", "{387CBF88-24B4-49FE-8168-444CA8EA80C2}"
EndProject
Project("{2150E333-8FDC-42A3-9474-1A3956D46DE8}") = "DataBrowser", "DataBrowser", "{59B68A1B-E0FE-4A5E-840D-DAF69B57E5B2}"
EndProject
Project("{2150E333-8FDC-42A3-9474-1A3956D46DE8}") = "Microsoft.Samples", "Microsoft.Samples", "{D5DE4F05-1047-41BD-8D45-470BF236EBAF}"
EndProject
Project("{FAE04EC0-301F-11D3-BF4B-00C04F79EFBC}") = "Ogdi.Azure", "Shared\Ogdi.Azure\Ogdi.Azure.csproj", "{61B96500-74D1-46B6-A536-88C984FF46A9}"
EndProject
Project("{FAE04EC0-301F-11D3-BF4B-00C04F79EFBC}") = "DataLoader", "DataLoader\DataLoader\DataLoader.csproj", "{92D9A4A7-46F2-48A6-98BC-9DFCE9E23E15}"
EndProject
Project("{FAE04EC0-301F-11D3-BF4B-00C04F79EFBC}") = "DataLoaderConsoleApp", "DataLoader\DataLoaderConsoleApp\DataLoaderConsoleApp.csproj", "{E82EB71D-71D3-4782-964A-3145FC4EFCE8}"
	ProjectSection(ProjectDependencies) = postProject
		{92D9A4A7-46F2-48A6-98BC-9DFCE9E23E15} = {92D9A4A7-46F2-48A6-98BC-9DFCE9E23E15}
	EndProjectSection
EndProject
Project("{FAE04EC0-301F-11D3-BF4B-00C04F79EFBC}") = "DataLoaderGuiApp", "DataLoader\DataLoaderGuiApp\DataLoaderGuiApp.csproj", "{882A3887-768B-4195-A6E3-64CB14239224}"
EndProject
Project("{FAE04EC0-301F-11D3-BF4B-00C04F79EFBC}") = "Ogdi.Config", "Shared\Ogdi.Config\Ogdi.Config.csproj", "{7242E6D0-0A4D-4877-AEB1-102BE56CD1B5}"
EndProject
Project("{FAE04EC0-301F-11D3-BF4B-00C04F79EFBC}") = "DataService.WebRole", "DataService\DataService.WebRole\DataService.WebRole.csproj", "{AEB151B4-69CA-4870-90E7-86FCFDBAD718}"
EndProject
Project("{FAE04EC0-301F-11D3-BF4B-00C04F79EFBC}") = "DTBookTranslation", "DAISY\DTBookTranslation\DTBookTranslation.csproj", "{F6CA53E8-CDEA-4FED-AC46-E44B7BBC0A8A}"
EndProject
Project("{FAE04EC0-301F-11D3-BF4B-00C04F79EFBC}") = "AspProviders", "DataBrowser\Microsoft.Samples\AspProviders\AspProviders.csproj", "{306D2F9E-D6D0-4D96-94F1-173C60A13875}"
EndProject
Project("{FAE04EC0-301F-11D3-BF4B-00C04F79EFBC}") = "DataBrowser.WebRole", "DataBrowser\DataBrowser.WebRole\DataBrowser.WebRole.csproj", "{CE3A2F55-8154-4478-8251-64D24D15DB79}"
EndProject
Project("{FAE04EC0-301F-11D3-BF4B-00C04F79EFBC}") = "DataBrowser.WorkerRole", "DataBrowser\DataBrowser.WorkerRole\DataBrowser.WorkerRole.csproj", "{085EB9E2-4108-4721-9A06-3CF7DA63044D}"
EndProject
Project("{CC5FD16D-436D-48AD-A40C-5A424C6E3E79}") = "OGDI.Cloud", "OGDI.Cloud\OGDI.Cloud.ccproj", "{E2426D10-5335-4996-8B5C-8A1459F76270}"
	ProjectSection(ProjectDependencies) = postProject
		{AEB151B4-69CA-4870-90E7-86FCFDBAD718} = {AEB151B4-69CA-4870-90E7-86FCFDBAD718}
	EndProjectSection
EndProject
Project("{FAE04EC0-301F-11D3-BF4B-00C04F79EFBC}") = "StorageInterface", "DataBrowser\Microsoft.Samples\StorageInterface\StorageInterface.csproj", "{FAD3320F-4B86-4DC7-94DF-48BE0A275F8F}"
EndProject
Project("{FAE04EC0-301F-11D3-BF4B-00C04F79EFBC}") = "WindowsAzureStorage", "DataBrowser\Microsoft.Samples\WindowsAzureStorage\WindowsAzureStorage.csproj", "{281E6351-FA80-49F8-9A3A-80894F71548C}"
EndProject
Project("{FAE04EC0-301F-11D3-BF4B-00C04F79EFBC}") = "GenerateColumnMetadata", "DataLoader\GenerateColumnMetadata\GenerateColumnMetadata.csproj", "{D9CC08C7-72AE-408D-9D03-33A58129399B}"
EndProject
Project("{FAE04EC0-301F-11D3-BF4B-00C04F79EFBC}") = "DataConfig", "DataConfig\DataConfig\DataConfig.csproj", "{1433F52B-152B-4BDE-80C0-5460A2CAE9C5}"
EndProject
Project("{2150E333-8FDC-42A3-9474-1A3956D46DE8}") = ".nuget", ".nuget", "{2618FA60-BB44-4871-B2AF-A1326F6348FA}"
	ProjectSection(SolutionItems) = preProject
		.nuget\NuGet.Config = .nuget\NuGet.Config
		.nuget\NuGet.exe = .nuget\NuGet.exe
		.nuget\NuGet.targets = .nuget\NuGet.targets
	EndProjectSection
EndProject
Global
	GlobalSection(TestCaseManagementSettings) = postSolution
		CategoryFile = Ogdi.vsmdi
	EndGlobalSection
	GlobalSection(SolutionConfigurationPlatforms) = preSolution
		Debug|Any CPU = Debug|Any CPU
		Debug|Mixed Platforms = Debug|Mixed Platforms
		Debug|x86 = Debug|x86
		Release|Any CPU = Release|Any CPU
		Release|Mixed Platforms = Release|Mixed Platforms
		Release|x86 = Release|x86
	EndGlobalSection
	GlobalSection(ProjectConfigurationPlatforms) = postSolution
		{61B96500-74D1-46B6-A536-88C984FF46A9}.Debug|Any CPU.ActiveCfg = Debug|Any CPU
		{61B96500-74D1-46B6-A536-88C984FF46A9}.Debug|Any CPU.Build.0 = Debug|Any CPU
		{61B96500-74D1-46B6-A536-88C984FF46A9}.Debug|Mixed Platforms.ActiveCfg = Debug|Any CPU
		{61B96500-74D1-46B6-A536-88C984FF46A9}.Debug|Mixed Platforms.Build.0 = Debug|Any CPU
		{61B96500-74D1-46B6-A536-88C984FF46A9}.Debug|x86.ActiveCfg = Debug|Any CPU
		{61B96500-74D1-46B6-A536-88C984FF46A9}.Release|Any CPU.ActiveCfg = Release|Any CPU
		{61B96500-74D1-46B6-A536-88C984FF46A9}.Release|Any CPU.Build.0 = Release|Any CPU
		{61B96500-74D1-46B6-A536-88C984FF46A9}.Release|Mixed Platforms.ActiveCfg = Release|Any CPU
		{61B96500-74D1-46B6-A536-88C984FF46A9}.Release|Mixed Platforms.Build.0 = Release|Any CPU
		{61B96500-74D1-46B6-A536-88C984FF46A9}.Release|x86.ActiveCfg = Release|Any CPU
		{92D9A4A7-46F2-48A6-98BC-9DFCE9E23E15}.Debug|Any CPU.ActiveCfg = Debug|Any CPU
		{92D9A4A7-46F2-48A6-98BC-9DFCE9E23E15}.Debug|Any CPU.Build.0 = Debug|Any CPU
		{92D9A4A7-46F2-48A6-98BC-9DFCE9E23E15}.Debug|Mixed Platforms.ActiveCfg = Debug|Any CPU
		{92D9A4A7-46F2-48A6-98BC-9DFCE9E23E15}.Debug|Mixed Platforms.Build.0 = Debug|Any CPU
		{92D9A4A7-46F2-48A6-98BC-9DFCE9E23E15}.Debug|x86.ActiveCfg = Debug|Any CPU
		{92D9A4A7-46F2-48A6-98BC-9DFCE9E23E15}.Release|Any CPU.ActiveCfg = Release|Any CPU
		{92D9A4A7-46F2-48A6-98BC-9DFCE9E23E15}.Release|Any CPU.Build.0 = Release|Any CPU
		{92D9A4A7-46F2-48A6-98BC-9DFCE9E23E15}.Release|Mixed Platforms.ActiveCfg = Release|Any CPU
		{92D9A4A7-46F2-48A6-98BC-9DFCE9E23E15}.Release|Mixed Platforms.Build.0 = Release|Any CPU
		{92D9A4A7-46F2-48A6-98BC-9DFCE9E23E15}.Release|x86.ActiveCfg = Release|Any CPU
		{E82EB71D-71D3-4782-964A-3145FC4EFCE8}.Debug|Any CPU.ActiveCfg = Debug|Any CPU
		{E82EB71D-71D3-4782-964A-3145FC4EFCE8}.Debug|Any CPU.Build.0 = Debug|Any CPU
		{E82EB71D-71D3-4782-964A-3145FC4EFCE8}.Debug|Mixed Platforms.ActiveCfg = Debug|Any CPU
		{E82EB71D-71D3-4782-964A-3145FC4EFCE8}.Debug|Mixed Platforms.Build.0 = Debug|Any CPU
		{E82EB71D-71D3-4782-964A-3145FC4EFCE8}.Debug|x86.ActiveCfg = Debug|Any CPU
		{E82EB71D-71D3-4782-964A-3145FC4EFCE8}.Release|Any CPU.ActiveCfg = Release|Any CPU
		{E82EB71D-71D3-4782-964A-3145FC4EFCE8}.Release|Any CPU.Build.0 = Release|Any CPU
		{E82EB71D-71D3-4782-964A-3145FC4EFCE8}.Release|Mixed Platforms.ActiveCfg = Release|Any CPU
		{E82EB71D-71D3-4782-964A-3145FC4EFCE8}.Release|Mixed Platforms.Build.0 = Release|Any CPU
		{E82EB71D-71D3-4782-964A-3145FC4EFCE8}.Release|x86.ActiveCfg = Release|Any CPU
		{882A3887-768B-4195-A6E3-64CB14239224}.Debug|Any CPU.ActiveCfg = Debug|Any CPU
		{882A3887-768B-4195-A6E3-64CB14239224}.Debug|Any CPU.Build.0 = Debug|Any CPU
		{882A3887-768B-4195-A6E3-64CB14239224}.Debug|Mixed Platforms.ActiveCfg = Debug|Any CPU
		{882A3887-768B-4195-A6E3-64CB14239224}.Debug|Mixed Platforms.Build.0 = Debug|Any CPU
		{882A3887-768B-4195-A6E3-64CB14239224}.Debug|x86.ActiveCfg = Debug|Any CPU
		{882A3887-768B-4195-A6E3-64CB14239224}.Release|Any CPU.ActiveCfg = Release|Any CPU
		{882A3887-768B-4195-A6E3-64CB14239224}.Release|Any CPU.Build.0 = Release|Any CPU
		{882A3887-768B-4195-A6E3-64CB14239224}.Release|Mixed Platforms.ActiveCfg = Release|Any CPU
		{882A3887-768B-4195-A6E3-64CB14239224}.Release|Mixed Platforms.Build.0 = Release|Any CPU
		{882A3887-768B-4195-A6E3-64CB14239224}.Release|x86.ActiveCfg = Release|Any CPU
		{7242E6D0-0A4D-4877-AEB1-102BE56CD1B5}.Debug|Any CPU.ActiveCfg = Debug|Any CPU
		{7242E6D0-0A4D-4877-AEB1-102BE56CD1B5}.Debug|Any CPU.Build.0 = Debug|Any CPU
		{7242E6D0-0A4D-4877-AEB1-102BE56CD1B5}.Debug|Mixed Platforms.ActiveCfg = Debug|Any CPU
		{7242E6D0-0A4D-4877-AEB1-102BE56CD1B5}.Debug|Mixed Platforms.Build.0 = Debug|Any CPU
		{7242E6D0-0A4D-4877-AEB1-102BE56CD1B5}.Debug|x86.ActiveCfg = Debug|Any CPU
		{7242E6D0-0A4D-4877-AEB1-102BE56CD1B5}.Release|Any CPU.ActiveCfg = Release|Any CPU
		{7242E6D0-0A4D-4877-AEB1-102BE56CD1B5}.Release|Any CPU.Build.0 = Release|Any CPU
		{7242E6D0-0A4D-4877-AEB1-102BE56CD1B5}.Release|Mixed Platforms.ActiveCfg = Release|Any CPU
		{7242E6D0-0A4D-4877-AEB1-102BE56CD1B5}.Release|Mixed Platforms.Build.0 = Release|Any CPU
		{7242E6D0-0A4D-4877-AEB1-102BE56CD1B5}.Release|x86.ActiveCfg = Release|Any CPU
		{AEB151B4-69CA-4870-90E7-86FCFDBAD718}.Debug|Any CPU.ActiveCfg = Debug|Any CPU
		{AEB151B4-69CA-4870-90E7-86FCFDBAD718}.Debug|Any CPU.Build.0 = Debug|Any CPU
		{AEB151B4-69CA-4870-90E7-86FCFDBAD718}.Debug|Mixed Platforms.ActiveCfg = Debug|Any CPU
		{AEB151B4-69CA-4870-90E7-86FCFDBAD718}.Debug|Mixed Platforms.Build.0 = Debug|Any CPU
		{AEB151B4-69CA-4870-90E7-86FCFDBAD718}.Debug|x86.ActiveCfg = Debug|Any CPU
		{AEB151B4-69CA-4870-90E7-86FCFDBAD718}.Release|Any CPU.ActiveCfg = Release|Any CPU
		{AEB151B4-69CA-4870-90E7-86FCFDBAD718}.Release|Any CPU.Build.0 = Release|Any CPU
		{AEB151B4-69CA-4870-90E7-86FCFDBAD718}.Release|Mixed Platforms.ActiveCfg = Release|Any CPU
		{AEB151B4-69CA-4870-90E7-86FCFDBAD718}.Release|Mixed Platforms.Build.0 = Release|Any CPU
		{AEB151B4-69CA-4870-90E7-86FCFDBAD718}.Release|x86.ActiveCfg = Release|Any CPU
		{F6CA53E8-CDEA-4FED-AC46-E44B7BBC0A8A}.Debug|Any CPU.ActiveCfg = Debug|Any CPU
		{F6CA53E8-CDEA-4FED-AC46-E44B7BBC0A8A}.Debug|Any CPU.Build.0 = Debug|Any CPU
		{F6CA53E8-CDEA-4FED-AC46-E44B7BBC0A8A}.Debug|Mixed Platforms.ActiveCfg = Debug|Any CPU
		{F6CA53E8-CDEA-4FED-AC46-E44B7BBC0A8A}.Debug|Mixed Platforms.Build.0 = Debug|Any CPU
		{F6CA53E8-CDEA-4FED-AC46-E44B7BBC0A8A}.Debug|x86.ActiveCfg = Debug|Any CPU
		{F6CA53E8-CDEA-4FED-AC46-E44B7BBC0A8A}.Release|Any CPU.ActiveCfg = Release|Any CPU
		{F6CA53E8-CDEA-4FED-AC46-E44B7BBC0A8A}.Release|Any CPU.Build.0 = Release|Any CPU
		{F6CA53E8-CDEA-4FED-AC46-E44B7BBC0A8A}.Release|Mixed Platforms.ActiveCfg = Release|Any CPU
		{F6CA53E8-CDEA-4FED-AC46-E44B7BBC0A8A}.Release|Mixed Platforms.Build.0 = Release|Any CPU
		{F6CA53E8-CDEA-4FED-AC46-E44B7BBC0A8A}.Release|x86.ActiveCfg = Release|Any CPU
		{306D2F9E-D6D0-4D96-94F1-173C60A13875}.Debug|Any CPU.ActiveCfg = Debug|Any CPU
		{306D2F9E-D6D0-4D96-94F1-173C60A13875}.Debug|Any CPU.Build.0 = Debug|Any CPU
		{306D2F9E-D6D0-4D96-94F1-173C60A13875}.Debug|Mixed Platforms.ActiveCfg = Debug|Any CPU
		{306D2F9E-D6D0-4D96-94F1-173C60A13875}.Debug|Mixed Platforms.Build.0 = Debug|Any CPU
		{306D2F9E-D6D0-4D96-94F1-173C60A13875}.Debug|x86.ActiveCfg = Debug|Any CPU
		{306D2F9E-D6D0-4D96-94F1-173C60A13875}.Release|Any CPU.ActiveCfg = Release|Any CPU
		{306D2F9E-D6D0-4D96-94F1-173C60A13875}.Release|Any CPU.Build.0 = Release|Any CPU
		{306D2F9E-D6D0-4D96-94F1-173C60A13875}.Release|Mixed Platforms.ActiveCfg = Release|Any CPU
		{306D2F9E-D6D0-4D96-94F1-173C60A13875}.Release|Mixed Platforms.Build.0 = Release|Any CPU
		{306D2F9E-D6D0-4D96-94F1-173C60A13875}.Release|x86.ActiveCfg = Release|Any CPU
		{CE3A2F55-8154-4478-8251-64D24D15DB79}.Debug|Any CPU.ActiveCfg = Debug|Any CPU
		{CE3A2F55-8154-4478-8251-64D24D15DB79}.Debug|Any CPU.Build.0 = Debug|Any CPU
		{CE3A2F55-8154-4478-8251-64D24D15DB79}.Debug|Mixed Platforms.ActiveCfg = Debug|Any CPU
		{CE3A2F55-8154-4478-8251-64D24D15DB79}.Debug|Mixed Platforms.Build.0 = Debug|Any CPU
		{CE3A2F55-8154-4478-8251-64D24D15DB79}.Debug|x86.ActiveCfg = Debug|Any CPU
		{CE3A2F55-8154-4478-8251-64D24D15DB79}.Release|Any CPU.ActiveCfg = Release|Any CPU
		{CE3A2F55-8154-4478-8251-64D24D15DB79}.Release|Any CPU.Build.0 = Release|Any CPU
		{CE3A2F55-8154-4478-8251-64D24D15DB79}.Release|Mixed Platforms.ActiveCfg = Release|Any CPU
		{CE3A2F55-8154-4478-8251-64D24D15DB79}.Release|Mixed Platforms.Build.0 = Release|Any CPU
		{CE3A2F55-8154-4478-8251-64D24D15DB79}.Release|x86.ActiveCfg = Release|Any CPU
		{085EB9E2-4108-4721-9A06-3CF7DA63044D}.Debug|Any CPU.ActiveCfg = Debug|Any CPU
		{085EB9E2-4108-4721-9A06-3CF7DA63044D}.Debug|Any CPU.Build.0 = Debug|Any CPU
		{085EB9E2-4108-4721-9A06-3CF7DA63044D}.Debug|Mixed Platforms.ActiveCfg = Debug|Any CPU
		{085EB9E2-4108-4721-9A06-3CF7DA63044D}.Debug|Mixed Platforms.Build.0 = Debug|Any CPU
		{085EB9E2-4108-4721-9A06-3CF7DA63044D}.Debug|x86.ActiveCfg = Debug|Any CPU
		{085EB9E2-4108-4721-9A06-3CF7DA63044D}.Release|Any CPU.ActiveCfg = Release|Any CPU
		{085EB9E2-4108-4721-9A06-3CF7DA63044D}.Release|Any CPU.Build.0 = Release|Any CPU
		{085EB9E2-4108-4721-9A06-3CF7DA63044D}.Release|Mixed Platforms.ActiveCfg = Release|Any CPU
		{085EB9E2-4108-4721-9A06-3CF7DA63044D}.Release|Mixed Platforms.Build.0 = Release|Any CPU
		{085EB9E2-4108-4721-9A06-3CF7DA63044D}.Release|x86.ActiveCfg = Release|Any CPU
		{E2426D10-5335-4996-8B5C-8A1459F76270}.Debug|Any CPU.ActiveCfg = Debug|Any CPU
		{E2426D10-5335-4996-8B5C-8A1459F76270}.Debug|Any CPU.Build.0 = Debug|Any CPU
		{E2426D10-5335-4996-8B5C-8A1459F76270}.Debug|Mixed Platforms.ActiveCfg = Debug|Any CPU
		{E2426D10-5335-4996-8B5C-8A1459F76270}.Debug|Mixed Platforms.Build.0 = Debug|Any CPU
		{E2426D10-5335-4996-8B5C-8A1459F76270}.Debug|x86.ActiveCfg = Debug|Any CPU
		{E2426D10-5335-4996-8B5C-8A1459F76270}.Release|Any CPU.ActiveCfg = Release|Any CPU
		{E2426D10-5335-4996-8B5C-8A1459F76270}.Release|Any CPU.Build.0 = Release|Any CPU
		{E2426D10-5335-4996-8B5C-8A1459F76270}.Release|Mixed Platforms.ActiveCfg = Release|Any CPU
		{E2426D10-5335-4996-8B5C-8A1459F76270}.Release|Mixed Platforms.Build.0 = Release|Any CPU
		{E2426D10-5335-4996-8B5C-8A1459F76270}.Release|x86.ActiveCfg = Release|Any CPU
		{FAD3320F-4B86-4DC7-94DF-48BE0A275F8F}.Debug|Any CPU.ActiveCfg = Debug|Any CPU
		{FAD3320F-4B86-4DC7-94DF-48BE0A275F8F}.Debug|Any CPU.Build.0 = Debug|Any CPU
		{FAD3320F-4B86-4DC7-94DF-48BE0A275F8F}.Debug|Mixed Platforms.ActiveCfg = Debug|Any CPU
		{FAD3320F-4B86-4DC7-94DF-48BE0A275F8F}.Debug|Mixed Platforms.Build.0 = Debug|Any CPU
		{FAD3320F-4B86-4DC7-94DF-48BE0A275F8F}.Debug|x86.ActiveCfg = Debug|Any CPU
		{FAD3320F-4B86-4DC7-94DF-48BE0A275F8F}.Release|Any CPU.ActiveCfg = Release|Any CPU
		{FAD3320F-4B86-4DC7-94DF-48BE0A275F8F}.Release|Any CPU.Build.0 = Release|Any CPU
		{FAD3320F-4B86-4DC7-94DF-48BE0A275F8F}.Release|Mixed Platforms.ActiveCfg = Release|Any CPU
		{FAD3320F-4B86-4DC7-94DF-48BE0A275F8F}.Release|Mixed Platforms.Build.0 = Release|Any CPU
		{FAD3320F-4B86-4DC7-94DF-48BE0A275F8F}.Release|x86.ActiveCfg = Release|Any CPU
		{281E6351-FA80-49F8-9A3A-80894F71548C}.Debug|Any CPU.ActiveCfg = Debug|Any CPU
		{281E6351-FA80-49F8-9A3A-80894F71548C}.Debug|Any CPU.Build.0 = Debug|Any CPU
		{281E6351-FA80-49F8-9A3A-80894F71548C}.Debug|Mixed Platforms.ActiveCfg = Debug|Any CPU
		{281E6351-FA80-49F8-9A3A-80894F71548C}.Debug|Mixed Platforms.Build.0 = Debug|Any CPU
		{281E6351-FA80-49F8-9A3A-80894F71548C}.Debug|x86.ActiveCfg = Debug|Any CPU
		{281E6351-FA80-49F8-9A3A-80894F71548C}.Release|Any CPU.ActiveCfg = Release|Any CPU
		{281E6351-FA80-49F8-9A3A-80894F71548C}.Release|Any CPU.Build.0 = Release|Any CPU
		{281E6351-FA80-49F8-9A3A-80894F71548C}.Release|Mixed Platforms.ActiveCfg = Release|Any CPU
		{281E6351-FA80-49F8-9A3A-80894F71548C}.Release|Mixed Platforms.Build.0 = Release|Any CPU
		{281E6351-FA80-49F8-9A3A-80894F71548C}.Release|x86.ActiveCfg = Release|Any CPU
		{D9CC08C7-72AE-408D-9D03-33A58129399B}.Debug|Any CPU.ActiveCfg = Debug|x86
		{D9CC08C7-72AE-408D-9D03-33A58129399B}.Debug|Mixed Platforms.ActiveCfg = Debug|x86
		{D9CC08C7-72AE-408D-9D03-33A58129399B}.Debug|Mixed Platforms.Build.0 = Debug|x86
		{D9CC08C7-72AE-408D-9D03-33A58129399B}.Debug|x86.ActiveCfg = Debug|x86
		{D9CC08C7-72AE-408D-9D03-33A58129399B}.Debug|x86.Build.0 = Debug|x86
		{D9CC08C7-72AE-408D-9D03-33A58129399B}.Release|Any CPU.ActiveCfg = Release|x86
		{D9CC08C7-72AE-408D-9D03-33A58129399B}.Release|Mixed Platforms.ActiveCfg = Release|x86
		{D9CC08C7-72AE-408D-9D03-33A58129399B}.Release|Mixed Platforms.Build.0 = Release|x86
		{D9CC08C7-72AE-408D-9D03-33A58129399B}.Release|x86.ActiveCfg = Release|x86
		{D9CC08C7-72AE-408D-9D03-33A58129399B}.Release|x86.Build.0 = Release|x86
		{1433F52B-152B-4BDE-80C0-5460A2CAE9C5}.Debug|Any CPU.ActiveCfg = Debug|Any CPU
		{1433F52B-152B-4BDE-80C0-5460A2CAE9C5}.Debug|Any CPU.Build.0 = Debug|Any CPU
		{1433F52B-152B-4BDE-80C0-5460A2CAE9C5}.Debug|Mixed Platforms.ActiveCfg = Debug|Any CPU
		{1433F52B-152B-4BDE-80C0-5460A2CAE9C5}.Debug|Mixed Platforms.Build.0 = Debug|Any CPU
		{1433F52B-152B-4BDE-80C0-5460A2CAE9C5}.Debug|x86.ActiveCfg = Debug|Any CPU
		{1433F52B-152B-4BDE-80C0-5460A2CAE9C5}.Release|Any CPU.ActiveCfg = Release|Any CPU
		{1433F52B-152B-4BDE-80C0-5460A2CAE9C5}.Release|Any CPU.Build.0 = Release|Any CPU
		{1433F52B-152B-4BDE-80C0-5460A2CAE9C5}.Release|Mixed Platforms.ActiveCfg = Release|Any CPU
		{1433F52B-152B-4BDE-80C0-5460A2CAE9C5}.Release|Mixed Platforms.Build.0 = Release|Any CPU
		{1433F52B-152B-4BDE-80C0-5460A2CAE9C5}.Release|x86.ActiveCfg = Release|Any CPU
	EndGlobalSection
	GlobalSection(SolutionProperties) = preSolution
		HideSolutionNode = FALSE
	EndGlobalSection
	GlobalSection(NestedProjects) = preSolution
		{92D9A4A7-46F2-48A6-98BC-9DFCE9E23E15} = {D737017F-CD05-4510-86DA-13F88BA42F78}
		{E82EB71D-71D3-4782-964A-3145FC4EFCE8} = {D737017F-CD05-4510-86DA-13F88BA42F78}
		{882A3887-768B-4195-A6E3-64CB14239224} = {D737017F-CD05-4510-86DA-13F88BA42F78}
		{D9CC08C7-72AE-408D-9D03-33A58129399B} = {D737017F-CD05-4510-86DA-13F88BA42F78}
		{61B96500-74D1-46B6-A536-88C984FF46A9} = {703C99A1-7A69-48B0-AF82-1AF2328C534A}
		{7242E6D0-0A4D-4877-AEB1-102BE56CD1B5} = {703C99A1-7A69-48B0-AF82-1AF2328C534A}
		{1433F52B-152B-4BDE-80C0-5460A2CAE9C5} = {65B821FC-A819-4B24-8F97-C34C927F5027}
		{AEB151B4-69CA-4870-90E7-86FCFDBAD718} = {7EA818A7-EF16-4A87-BFBE-ECB1FA28D884}
		{F6CA53E8-CDEA-4FED-AC46-E44B7BBC0A8A} = {387CBF88-24B4-49FE-8168-444CA8EA80C2}
		{D5DE4F05-1047-41BD-8D45-470BF236EBAF} = {59B68A1B-E0FE-4A5E-840D-DAF69B57E5B2}
		{CE3A2F55-8154-4478-8251-64D24D15DB79} = {59B68A1B-E0FE-4A5E-840D-DAF69B57E5B2}
		{085EB9E2-4108-4721-9A06-3CF7DA63044D} = {59B68A1B-E0FE-4A5E-840D-DAF69B57E5B2}
		{306D2F9E-D6D0-4D96-94F1-173C60A13875} = {D5DE4F05-1047-41BD-8D45-470BF236EBAF}
		{FAD3320F-4B86-4DC7-94DF-48BE0A275F8F} = {D5DE4F05-1047-41BD-8D45-470BF236EBAF}
		{281E6351-FA80-49F8-9A3A-80894F71548C} = {D5DE4F05-1047-41BD-8D45-470BF236EBAF}
	EndGlobalSection
EndGlobal
