
Microsoft Visual Studio Solution File, Format Version 11.00
# Visual Studio 2010
Project("{2150E333-8FDC-42A3-9474-1A3956D46DE8}") = "Tests", "Tests", "{C9C519E9-B45C-40D8-A429-76B048743F83}"
EndProject
Project("{FAE04EC0-301F-11D3-BF4B-00C04F79EFBC}") = "DTBookTranslation", "DAISY\DTBookTranslation.csproj", "{F6CA53E8-CDEA-4FED-AC46-E44B7BBC0A8A}"
EndProject
Project("{2150E333-8FDC-42A3-9474-1A3956D46DE8}") = "DAISY", "DAISY", "{A72D4BDA-A0A5-42D7-BCA5-F0E4EF74D76B}"
EndProject
Project("{2150E333-8FDC-42A3-9474-1A3956D46DE8}") = "InteractiveSDK", "InteractiveSDK", "{F0AC7748-A11A-41B6-AF6C-A0DDAE2EF191}"
EndProject
Project("{FAE04EC0-301F-11D3-BF4B-00C04F79EFBC}") = "InteractiveSdk.WebRole", "InteractiveSdk\Interactive Sdk.Mvc_WebRole\InteractiveSdk.WebRole.csproj", "{CE3A2F55-8154-4478-8251-64D24D15DB79}"
EndProject
Project("{FAE04EC0-301F-11D3-BF4B-00C04F79EFBC}") = "InteractiveSdk.WorkerRole", "InteractiveSdk\InteractiveSdk.WorkerRole\InteractiveSdk.WorkerRole.csproj", "{085EB9E2-4108-4721-9A06-3CF7DA63044D}"
EndProject
Project("{2150E333-8FDC-42A3-9474-1A3956D46DE8}") = "Microsoft.Samples", "Microsoft.Samples", "{219CC595-D603-42D7-8153-EB1E1DBCDBC8}"
EndProject
Project("{FAE04EC0-301F-11D3-BF4B-00C04F79EFBC}") = "AspProviders", "InteractiveSdk\AspProviders\AspProviders.csproj", "{306D2F9E-D6D0-4D96-94F1-173C60A13875}"
EndProject
Project("{FAE04EC0-301F-11D3-BF4B-00C04F79EFBC}") = "StorageInterface", "InteractiveSdk\StorageInterface\StorageInterface.csproj", "{FAD3320F-4B86-4DC7-94DF-48BE0A275F8F}"
EndProject
Project("{FAE04EC0-301F-11D3-BF4B-00C04F79EFBC}") = "WindowsAzureStorage", "InteractiveSdk\WindowsAzureStorage\WindowsAzureStorage.csproj", "{281E6351-FA80-49F8-9A3A-80894F71548C}"
EndProject
Project("{CC5FD16D-436D-48AD-A40C-5A424C6E3E79}") = "InteractiveSdk", "InteractiveSdk\InteractiveSdk.Mvc\InteractiveSdk.ccproj", "{E2426D10-5335-4996-8B5C-8A1459F76270}"
EndProject
Project("{2150E333-8FDC-42A3-9474-1A3956D46DE8}") = "Solution Items", "Solution Items", "{B0688B03-9205-49BF-8CFF-44EAA3D113EC}"
	ProjectSection(SolutionItems) = preProject
		Local.testsettings = Local.testsettings
		Ogdi.vsmdi = Ogdi.vsmdi
		TraceAndTestImpact.testsettings = TraceAndTestImpact.testsettings
	EndProjectSection
EndProject
Project("{2150E333-8FDC-42A3-9474-1A3956D46DE8}") = "Getting Started", "Getting Started", "{8149D266-4BA0-401F-AD27-8641E48A60D9}"
	ProjectSection(SolutionItems) = preProject
		build.ps1 = build.ps1
		package.ps1 = package.ps1
	EndProjectSection
EndProject
Global
	GlobalSection(TestCaseManagementSettings) = postSolution
		CategoryFile = Ogdi.vsmdi
	EndGlobalSection
	GlobalSection(SolutionConfigurationPlatforms) = preSolution
		Debug|Any CPU = Debug|Any CPU
		Release|Any CPU = Release|Any CPU
	EndGlobalSection
	GlobalSection(ProjectConfigurationPlatforms) = postSolution
		{F6CA53E8-CDEA-4FED-AC46-E44B7BBC0A8A}.Debug|Any CPU.ActiveCfg = Debug|Any CPU
		{F6CA53E8-CDEA-4FED-AC46-E44B7BBC0A8A}.Debug|Any CPU.Build.0 = Debug|Any CPU
		{F6CA53E8-CDEA-4FED-AC46-E44B7BBC0A8A}.Release|Any CPU.ActiveCfg = Release|Any CPU
		{F6CA53E8-CDEA-4FED-AC46-E44B7BBC0A8A}.Release|Any CPU.Build.0 = Release|Any CPU
		{CE3A2F55-8154-4478-8251-64D24D15DB79}.Debug|Any CPU.ActiveCfg = Debug|Any CPU
		{CE3A2F55-8154-4478-8251-64D24D15DB79}.Debug|Any CPU.Build.0 = Debug|Any CPU
		{CE3A2F55-8154-4478-8251-64D24D15DB79}.Release|Any CPU.ActiveCfg = Release|Any CPU
		{CE3A2F55-8154-4478-8251-64D24D15DB79}.Release|Any CPU.Build.0 = Release|Any CPU
		{085EB9E2-4108-4721-9A06-3CF7DA63044D}.Debug|Any CPU.ActiveCfg = Debug|Any CPU
		{085EB9E2-4108-4721-9A06-3CF7DA63044D}.Debug|Any CPU.Build.0 = Debug|Any CPU
		{085EB9E2-4108-4721-9A06-3CF7DA63044D}.Release|Any CPU.ActiveCfg = Release|Any CPU
		{085EB9E2-4108-4721-9A06-3CF7DA63044D}.Release|Any CPU.Build.0 = Release|Any CPU
		{306D2F9E-D6D0-4D96-94F1-173C60A13875}.Debug|Any CPU.ActiveCfg = Debug|Any CPU
		{306D2F9E-D6D0-4D96-94F1-173C60A13875}.Debug|Any CPU.Build.0 = Debug|Any CPU
		{306D2F9E-D6D0-4D96-94F1-173C60A13875}.Release|Any CPU.ActiveCfg = Release|Any CPU
		{306D2F9E-D6D0-4D96-94F1-173C60A13875}.Release|Any CPU.Build.0 = Release|Any CPU
		{FAD3320F-4B86-4DC7-94DF-48BE0A275F8F}.Debug|Any CPU.ActiveCfg = Debug|Any CPU
		{FAD3320F-4B86-4DC7-94DF-48BE0A275F8F}.Debug|Any CPU.Build.0 = Debug|Any CPU
		{FAD3320F-4B86-4DC7-94DF-48BE0A275F8F}.Release|Any CPU.ActiveCfg = Release|Any CPU
		{FAD3320F-4B86-4DC7-94DF-48BE0A275F8F}.Release|Any CPU.Build.0 = Release|Any CPU
		{281E6351-FA80-49F8-9A3A-80894F71548C}.Debug|Any CPU.ActiveCfg = Debug|Any CPU
		{281E6351-FA80-49F8-9A3A-80894F71548C}.Debug|Any CPU.Build.0 = Debug|Any CPU
		{281E6351-FA80-49F8-9A3A-80894F71548C}.Release|Any CPU.ActiveCfg = Release|Any CPU
		{281E6351-FA80-49F8-9A3A-80894F71548C}.Release|Any CPU.Build.0 = Release|Any CPU
		{E2426D10-5335-4996-8B5C-8A1459F76270}.Debug|Any CPU.ActiveCfg = Debug|Any CPU
		{E2426D10-5335-4996-8B5C-8A1459F76270}.Debug|Any CPU.Build.0 = Debug|Any CPU
		{E2426D10-5335-4996-8B5C-8A1459F76270}.Release|Any CPU.ActiveCfg = Release|Any CPU
		{E2426D10-5335-4996-8B5C-8A1459F76270}.Release|Any CPU.Build.0 = Release|Any CPU
	EndGlobalSection
	GlobalSection(SolutionProperties) = preSolution
		HideSolutionNode = FALSE
	EndGlobalSection
	GlobalSection(NestedProjects) = preSolution
		{F6CA53E8-CDEA-4FED-AC46-E44B7BBC0A8A} = {A72D4BDA-A0A5-42D7-BCA5-F0E4EF74D76B}
		{CE3A2F55-8154-4478-8251-64D24D15DB79} = {F0AC7748-A11A-41B6-AF6C-A0DDAE2EF191}
		{085EB9E2-4108-4721-9A06-3CF7DA63044D} = {F0AC7748-A11A-41B6-AF6C-A0DDAE2EF191}
		{219CC595-D603-42D7-8153-EB1E1DBCDBC8} = {F0AC7748-A11A-41B6-AF6C-A0DDAE2EF191}
		{E2426D10-5335-4996-8B5C-8A1459F76270} = {F0AC7748-A11A-41B6-AF6C-A0DDAE2EF191}
		{306D2F9E-D6D0-4D96-94F1-173C60A13875} = {219CC595-D603-42D7-8153-EB1E1DBCDBC8}
		{FAD3320F-4B86-4DC7-94DF-48BE0A275F8F} = {219CC595-D603-42D7-8153-EB1E1DBCDBC8}
		{281E6351-FA80-49F8-9A3A-80894F71548C} = {219CC595-D603-42D7-8153-EB1E1DBCDBC8}
	EndGlobalSection
EndGlobal
