
Microsoft Visual Studio Solution File, Format Version 11.00
# Visual Studio 2010
Project("{2150E333-8FDC-42A3-9474-1A3956D46DE8}") = "DataLoader", "DataLoader", "{D737017F-CD05-4510-86DA-13F88BA42F78}"
EndProject
Project("{2150E333-8FDC-42A3-9474-1A3956D46DE8}") = "Shared", "Shared", "{703C99A1-7A69-48B0-AF82-1AF2328C534A}"
EndProject
Project("{FAE04EC0-301F-11D3-BF4B-00C04F79EFBC}") = "Ogdi.Azure", "Shared\Ogdi.Azure\Ogdi.Azure.csproj", "{61B96500-74D1-46B6-A536-88C984FF46A9}"
EndProject
Project("{FAE04EC0-301F-11D3-BF4B-00C04F79EFBC}") = "DataLoader", "DataLoader\DataLoader\DataLoader.csproj", "{92D9A4A7-46F2-48A6-98BC-9DFCE9E23E15}"
EndProject
Project("{FAE04EC0-301F-11D3-BF4B-00C04F79EFBC}") = "DataLoaderConsoleApp", "DataLoader\DataLoaderConsoleApp\DataLoaderConsoleApp.csproj", "{E82EB71D-71D3-4782-964A-3145FC4EFCE8}"
EndProject
Project("{FAE04EC0-301F-11D3-BF4B-00C04F79EFBC}") = "DataLoaderGuiApp", "DataLoader\DataLoaderGuiApp\DataLoaderGuiApp.csproj", "{882A3887-768B-4195-A6E3-64CB14239224}"
EndProject
Project("{2150E333-8FDC-42A3-9474-1A3956D46DE8}") = "ConfigTool", "ConfigTool", "{65B821FC-A819-4B24-8F97-C34C927F5027}"
EndProject
Project("{FAE04EC0-301F-11D3-BF4B-00C04F79EFBC}") = "ConfigTool", "ConfigTool\ConfigTool.csproj", "{A65EAA96-F106-454A-B2D7-D5760EB44FB3}"
EndProject
Project("{2150E333-8FDC-42A3-9474-1A3956D46DE8}") = "DataService", "DataService", "{7EA818A7-EF16-4A87-BFBE-ECB1FA28D884}"
EndProject
Project("{FAE04EC0-301F-11D3-BF4B-00C04F79EFBC}") = "Services_WebRole", "DataService\Services_WebRole\Services_WebRole.csproj", "{AEB151B4-69CA-4870-90E7-86FCFDBAD718}"
EndProject
Project("{CC5FD16D-436D-48AD-A40C-5A424C6E3E79}") = "Services", "DataService\Services\Services.ccproj", "{4A1A1A18-A220-4724-8276-E8924A3A2D2E}"
EndProject
Project("{2150E333-8FDC-42A3-9474-1A3956D46DE8}") = "Dependencies", "Dependencies", "{80CA98C5-2467-4C41-B9F9-5466A9CE7F43}"
EndProject
Project("{2150E333-8FDC-42A3-9474-1A3956D46DE8}") = "Tests", "Tests", "{C9C519E9-B45C-40D8-A429-76B048743F83}"
EndProject
Project("{2150E333-8FDC-42A3-9474-1A3956D46DE8}") = "Solution Items", "Solution Items", "{E8D7FACE-5C24-4551-A747-0A5B7AB1CC5D}"
	ProjectSection(SolutionItems) = preProject
		Local.testsettings = Local.testsettings
		Ogdi.vsmdi = Ogdi.vsmdi
		TraceAndTestImpact.testsettings = TraceAndTestImpact.testsettings
	EndProjectSection
EndProject
Project("{FAE04EC0-301F-11D3-BF4B-00C04F79EFBC}") = "DTBookTranslation", "DAISY\DTBookTranslation.csproj", "{F6CA53E8-CDEA-4FED-AC46-E44B7BBC0A8A}"
EndProject
Project("{2150E333-8FDC-42A3-9474-1A3956D46DE8}") = "DAISY", "DAISY", "{A72D4BDA-A0A5-42D7-BCA5-F0E4EF74D76B}"
EndProject
Project("{FAE04EC0-301F-11D3-BF4B-00C04F79EFBC}") = "Ogdi.Utilities", "Shared\Ogdi.Utilities\Ogdi.Utilities.csproj", "{E4D57597-FFDA-481F-9E05-2BBC122AD4BE}"
EndProject
Project("{FAE04EC0-301F-11D3-BF4B-00C04F79EFBC}") = "Ogdi.Config", "Shared\Ogdi.Config\Ogdi.Config.csproj", "{7242E6D0-0A4D-4877-AEB1-102BE56CD1B5}"
EndProject
Project("{2150E333-8FDC-42A3-9474-1A3956D46DE8}") = "InteractiveSDK", "InteractiveSDK", "{F0AC7748-A11A-41B6-AF6C-A0DDAE2EF191}"
EndProject
Project("{FAE04EC0-301F-11D3-BF4B-00C04F79EFBC}") = "InteractiveSdk.WebRole", "InteractiveSdk\Interactive Sdk.Mvc_WebRole\InteractiveSdk.WebRole.csproj", "{CE3A2F55-8154-4478-8251-64D24D15DB79}"
EndProject
Project("{FAE04EC0-301F-11D3-BF4B-00C04F79EFBC}") = "InteractiveSdk.WorkerRole", "InteractiveSdk\InteractiveSdk.WorkerRole\InteractiveSdk.WorkerRole.csproj", "{085EB9E2-4108-4721-9A06-3CF7DA63044D}"
EndProject
Project("{2150E333-8FDC-42A3-9474-1A3956D46DE8}") = "Microsoft.Samples", "Microsoft.Samples", "{219CC595-D603-42D7-8153-EB1E1DBCDBC8}"
EndProject
Project("{FAE04EC0-301F-11D3-BF4B-00C04F79EFBC}") = "AspProviders", "InteractiveSdk\AspProviders\AspProviders.csproj", "{306D2F9E-D6D0-4D96-94F1-173C60A13875}"
EndProject
Project("{FAE04EC0-301F-11D3-BF4B-00C04F79EFBC}") = "StorageInterface", "InteractiveSdk\StorageInterface\StorageInterface.csproj", "{FAD3320F-4B86-4DC7-94DF-48BE0A275F8F}"
EndProject
Project("{FAE04EC0-301F-11D3-BF4B-00C04F79EFBC}") = "WindowsAzureStorage", "InteractiveSdk\WindowsAzureStorage\WindowsAzureStorage.csproj", "{281E6351-FA80-49F8-9A3A-80894F71548C}"
EndProject
Project("{CC5FD16D-436D-48AD-A40C-5A424C6E3E79}") = "InteractiveSdk", "InteractiveSdk\InteractiveSdk.Mvc\InteractiveSdk.ccproj", "{E2426D10-5335-4996-8B5C-8A1459F76270}"
EndProject
Project("{FAE04EC0-301F-11D3-BF4B-00C04F79EFBC}") = "ThirdPartyComponents", "Tests\ThirdPartyComponents\ThirdPartyComponents.csproj", "{C44C271D-CBBB-4516-9680-05B6C0E75958}"
EndProject
Project("{2150E333-8FDC-42A3-9474-1A3956D46DE8}") = "Solution Items", "Solution Items", "{0B30C533-A1ED-4037-851B-C8D6E4A2E456}"
	ProjectSection(SolutionItems) = preProject
		build.ps1 = build.ps1
	EndProjectSection
EndProject
Global
	GlobalSection(TestCaseManagementSettings) = postSolution
		CategoryFile = Ogdi.vsmdi
	EndGlobalSection
	GlobalSection(SolutionConfigurationPlatforms) = preSolution
		Debug|Any CPU = Debug|Any CPU
		Release|Any CPU = Release|Any CPU
	EndGlobalSection
	GlobalSection(ProjectConfigurationPlatforms) = postSolution
		{61B96500-74D1-46B6-A536-88C984FF46A9}.Debug|Any CPU.ActiveCfg = Debug|Any CPU
		{61B96500-74D1-46B6-A536-88C984FF46A9}.Debug|Any CPU.Build.0 = Debug|Any CPU
		{61B96500-74D1-46B6-A536-88C984FF46A9}.Release|Any CPU.ActiveCfg = Release|Any CPU
		{61B96500-74D1-46B6-A536-88C984FF46A9}.Release|Any CPU.Build.0 = Release|Any CPU
		{92D9A4A7-46F2-48A6-98BC-9DFCE9E23E15}.Debug|Any CPU.ActiveCfg = Debug|Any CPU
		{92D9A4A7-46F2-48A6-98BC-9DFCE9E23E15}.Debug|Any CPU.Build.0 = Debug|Any CPU
		{92D9A4A7-46F2-48A6-98BC-9DFCE9E23E15}.Release|Any CPU.ActiveCfg = Release|Any CPU
		{92D9A4A7-46F2-48A6-98BC-9DFCE9E23E15}.Release|Any CPU.Build.0 = Release|Any CPU
		{E82EB71D-71D3-4782-964A-3145FC4EFCE8}.Debug|Any CPU.ActiveCfg = Debug|Any CPU
		{E82EB71D-71D3-4782-964A-3145FC4EFCE8}.Debug|Any CPU.Build.0 = Debug|Any CPU
		{E82EB71D-71D3-4782-964A-3145FC4EFCE8}.Release|Any CPU.ActiveCfg = Release|Any CPU
		{E82EB71D-71D3-4782-964A-3145FC4EFCE8}.Release|Any CPU.Build.0 = Release|Any CPU
		{882A3887-768B-4195-A6E3-64CB14239224}.Debug|Any CPU.ActiveCfg = Debug|Any CPU
		{882A3887-768B-4195-A6E3-64CB14239224}.Debug|Any CPU.Build.0 = Debug|Any CPU
		{882A3887-768B-4195-A6E3-64CB14239224}.Release|Any CPU.ActiveCfg = Release|Any CPU
		{882A3887-768B-4195-A6E3-64CB14239224}.Release|Any CPU.Build.0 = Release|Any CPU
		{A65EAA96-F106-454A-B2D7-D5760EB44FB3}.Debug|Any CPU.ActiveCfg = Debug|Any CPU
		{A65EAA96-F106-454A-B2D7-D5760EB44FB3}.Debug|Any CPU.Build.0 = Debug|Any CPU
		{A65EAA96-F106-454A-B2D7-D5760EB44FB3}.Release|Any CPU.ActiveCfg = Release|Any CPU
		{A65EAA96-F106-454A-B2D7-D5760EB44FB3}.Release|Any CPU.Build.0 = Release|Any CPU
		{AEB151B4-69CA-4870-90E7-86FCFDBAD718}.Debug|Any CPU.ActiveCfg = Debug|Any CPU
		{AEB151B4-69CA-4870-90E7-86FCFDBAD718}.Debug|Any CPU.Build.0 = Debug|Any CPU
		{AEB151B4-69CA-4870-90E7-86FCFDBAD718}.Release|Any CPU.ActiveCfg = Release|Any CPU
		{AEB151B4-69CA-4870-90E7-86FCFDBAD718}.Release|Any CPU.Build.0 = Release|Any CPU
		{4A1A1A18-A220-4724-8276-E8924A3A2D2E}.Debug|Any CPU.ActiveCfg = Debug|Any CPU
		{4A1A1A18-A220-4724-8276-E8924A3A2D2E}.Debug|Any CPU.Build.0 = Debug|Any CPU
		{4A1A1A18-A220-4724-8276-E8924A3A2D2E}.Release|Any CPU.ActiveCfg = Release|Any CPU
		{4A1A1A18-A220-4724-8276-E8924A3A2D2E}.Release|Any CPU.Build.0 = Release|Any CPU
		{F6CA53E8-CDEA-4FED-AC46-E44B7BBC0A8A}.Debug|Any CPU.ActiveCfg = Debug|Any CPU
		{F6CA53E8-CDEA-4FED-AC46-E44B7BBC0A8A}.Debug|Any CPU.Build.0 = Debug|Any CPU
		{F6CA53E8-CDEA-4FED-AC46-E44B7BBC0A8A}.Release|Any CPU.ActiveCfg = Release|Any CPU
		{F6CA53E8-CDEA-4FED-AC46-E44B7BBC0A8A}.Release|Any CPU.Build.0 = Release|Any CPU
		{E4D57597-FFDA-481F-9E05-2BBC122AD4BE}.Debug|Any CPU.ActiveCfg = Debug|Any CPU
		{E4D57597-FFDA-481F-9E05-2BBC122AD4BE}.Debug|Any CPU.Build.0 = Debug|Any CPU
		{E4D57597-FFDA-481F-9E05-2BBC122AD4BE}.Release|Any CPU.ActiveCfg = Release|Any CPU
		{E4D57597-FFDA-481F-9E05-2BBC122AD4BE}.Release|Any CPU.Build.0 = Release|Any CPU
		{7242E6D0-0A4D-4877-AEB1-102BE56CD1B5}.Debug|Any CPU.ActiveCfg = Debug|Any CPU
		{7242E6D0-0A4D-4877-AEB1-102BE56CD1B5}.Debug|Any CPU.Build.0 = Debug|Any CPU
		{7242E6D0-0A4D-4877-AEB1-102BE56CD1B5}.Release|Any CPU.ActiveCfg = Release|Any CPU
		{7242E6D0-0A4D-4877-AEB1-102BE56CD1B5}.Release|Any CPU.Build.0 = Release|Any CPU
		{CE3A2F55-8154-4478-8251-64D24D15DB79}.Debug|Any CPU.ActiveCfg = Debug|Any CPU
		{CE3A2F55-8154-4478-8251-64D24D15DB79}.Debug|Any CPU.Build.0 = Debug|Any CPU
		{CE3A2F55-8154-4478-8251-64D24D15DB79}.Release|Any CPU.ActiveCfg = Release|Any CPU
		{CE3A2F55-8154-4478-8251-64D24D15DB79}.Release|Any CPU.Build.0 = Release|Any CPU
		{085EB9E2-4108-4721-9A06-3CF7DA63044D}.Debug|Any CPU.ActiveCfg = Debug|Any CPU
		{085EB9E2-4108-4721-9A06-3CF7DA63044D}.Debug|Any CPU.Build.0 = Debug|Any CPU
		{085EB9E2-4108-4721-9A06-3CF7DA63044D}.Release|Any CPU.ActiveCfg = Release|Any CPU
		{085EB9E2-4108-4721-9A06-3CF7DA63044D}.Release|Any CPU.Build.0 = Release|Any CPU
		{306D2F9E-D6D0-4D96-94F1-173C60A13875}.Debug|Any CPU.ActiveCfg = Debug|Any CPU
		{306D2F9E-D6D0-4D96-94F1-173C60A13875}.Debug|Any CPU.Build.0 = Debug|Any CPU
		{306D2F9E-D6D0-4D96-94F1-173C60A13875}.Release|Any CPU.ActiveCfg = Release|Any CPU
		{306D2F9E-D6D0-4D96-94F1-173C60A13875}.Release|Any CPU.Build.0 = Release|Any CPU
		{FAD3320F-4B86-4DC7-94DF-48BE0A275F8F}.Debug|Any CPU.ActiveCfg = Debug|Any CPU
		{FAD3320F-4B86-4DC7-94DF-48BE0A275F8F}.Debug|Any CPU.Build.0 = Debug|Any CPU
		{FAD3320F-4B86-4DC7-94DF-48BE0A275F8F}.Release|Any CPU.ActiveCfg = Release|Any CPU
		{FAD3320F-4B86-4DC7-94DF-48BE0A275F8F}.Release|Any CPU.Build.0 = Release|Any CPU
		{281E6351-FA80-49F8-9A3A-80894F71548C}.Debug|Any CPU.ActiveCfg = Debug|Any CPU
		{281E6351-FA80-49F8-9A3A-80894F71548C}.Debug|Any CPU.Build.0 = Debug|Any CPU
		{281E6351-FA80-49F8-9A3A-80894F71548C}.Release|Any CPU.ActiveCfg = Release|Any CPU
		{281E6351-FA80-49F8-9A3A-80894F71548C}.Release|Any CPU.Build.0 = Release|Any CPU
		{E2426D10-5335-4996-8B5C-8A1459F76270}.Debug|Any CPU.ActiveCfg = Debug|Any CPU
		{E2426D10-5335-4996-8B5C-8A1459F76270}.Debug|Any CPU.Build.0 = Debug|Any CPU
		{E2426D10-5335-4996-8B5C-8A1459F76270}.Release|Any CPU.ActiveCfg = Release|Any CPU
		{E2426D10-5335-4996-8B5C-8A1459F76270}.Release|Any CPU.Build.0 = Release|Any CPU
		{C44C271D-CBBB-4516-9680-05B6C0E75958}.Debug|Any CPU.ActiveCfg = Debug|Any CPU
		{C44C271D-CBBB-4516-9680-05B6C0E75958}.Debug|Any CPU.Build.0 = Debug|Any CPU
		{C44C271D-CBBB-4516-9680-05B6C0E75958}.Release|Any CPU.ActiveCfg = Release|Any CPU
		{C44C271D-CBBB-4516-9680-05B6C0E75958}.Release|Any CPU.Build.0 = Release|Any CPU
	EndGlobalSection
	GlobalSection(SolutionProperties) = preSolution
		HideSolutionNode = FALSE
	EndGlobalSection
	GlobalSection(NestedProjects) = preSolution
		{92D9A4A7-46F2-48A6-98BC-9DFCE9E23E15} = {D737017F-CD05-4510-86DA-13F88BA42F78}
		{E82EB71D-71D3-4782-964A-3145FC4EFCE8} = {D737017F-CD05-4510-86DA-13F88BA42F78}
		{882A3887-768B-4195-A6E3-64CB14239224} = {D737017F-CD05-4510-86DA-13F88BA42F78}
		{61B96500-74D1-46B6-A536-88C984FF46A9} = {703C99A1-7A69-48B0-AF82-1AF2328C534A}
		{E4D57597-FFDA-481F-9E05-2BBC122AD4BE} = {703C99A1-7A69-48B0-AF82-1AF2328C534A}
		{7242E6D0-0A4D-4877-AEB1-102BE56CD1B5} = {703C99A1-7A69-48B0-AF82-1AF2328C534A}
		{A65EAA96-F106-454A-B2D7-D5760EB44FB3} = {65B821FC-A819-4B24-8F97-C34C927F5027}
		{AEB151B4-69CA-4870-90E7-86FCFDBAD718} = {7EA818A7-EF16-4A87-BFBE-ECB1FA28D884}
		{4A1A1A18-A220-4724-8276-E8924A3A2D2E} = {7EA818A7-EF16-4A87-BFBE-ECB1FA28D884}
		{80CA98C5-2467-4C41-B9F9-5466A9CE7F43} = {C9C519E9-B45C-40D8-A429-76B048743F83}
		{E8D7FACE-5C24-4551-A747-0A5B7AB1CC5D} = {C9C519E9-B45C-40D8-A429-76B048743F83}
		{C44C271D-CBBB-4516-9680-05B6C0E75958} = {80CA98C5-2467-4C41-B9F9-5466A9CE7F43}
		{F6CA53E8-CDEA-4FED-AC46-E44B7BBC0A8A} = {A72D4BDA-A0A5-42D7-BCA5-F0E4EF74D76B}
		{CE3A2F55-8154-4478-8251-64D24D15DB79} = {F0AC7748-A11A-41B6-AF6C-A0DDAE2EF191}
		{085EB9E2-4108-4721-9A06-3CF7DA63044D} = {F0AC7748-A11A-41B6-AF6C-A0DDAE2EF191}
		{219CC595-D603-42D7-8153-EB1E1DBCDBC8} = {F0AC7748-A11A-41B6-AF6C-A0DDAE2EF191}
		{E2426D10-5335-4996-8B5C-8A1459F76270} = {F0AC7748-A11A-41B6-AF6C-A0DDAE2EF191}
		{306D2F9E-D6D0-4D96-94F1-173C60A13875} = {219CC595-D603-42D7-8153-EB1E1DBCDBC8}
		{FAD3320F-4B86-4DC7-94DF-48BE0A275F8F} = {219CC595-D603-42D7-8153-EB1E1DBCDBC8}
		{281E6351-FA80-49F8-9A3A-80894F71548C} = {219CC595-D603-42D7-8153-EB1E1DBCDBC8}
	EndGlobalSection
EndGlobal
